
Microsoft Visual Studio Solution File, Format Version 12.00
# Visual Studio Version 17
VisualStudioVersion = 17.14.35906.104 d17.14
MinimumVisualStudioVersion = 10.0.40219.1
Project("{FAE04EC0-301F-11D3-BF4B-00C04F79EFBC}") = "JunkCleaner", "JunkCleaner.csproj", "{3A7122D0-080B-9ABE-9501-7E69F11695D5}"
EndProject
Global
	GlobalSection(SolutionConfigurationPlatforms) = preSolution
		Debug|Any CPU = Debug|Any CPU
		Release|Any CPU = Release|Any CPU
	EndGlobalSection
	GlobalSection(ProjectConfigurationPlatforms) = postSolution
		{3A7122D0-080B-9ABE-9501-7E69F11695D5}.Debug|Any CPU.ActiveCfg = Debug|Any CPU
		{3A7122D0-080B-9ABE-9501-7E69F11695D5}.Debug|Any CPU.Build.0 = Debug|Any CPU
		{3A7122D0-080B-9ABE-9501-7E69F11695D5}.Release|Any CPU.ActiveCfg = Release|Any CPU
		{3A7122D0-080B-9ABE-9501-7E69F11695D5}.Release|Any CPU.Build.0 = Release|Any CPU
	EndGlobalSection
	GlobalSection(SolutionProperties) = preSolution
		HideSolutionNode = FALSE
	EndGlobalSection
	GlobalSection(ExtensibilityGlobals) = postSolution
		SolutionGuid = {B0C71F88-8F4A-462C-BFF4-584D4EDF3B49}
	EndGlobalSection
EndGlobal
