
Microsoft Visual Studio Solution File, Format Version 12.00
# Visual Studio Version 18
VisualStudioVersion = 18.3.11426.168 d18.3
MinimumVisualStudioVersion = 10.0.40219.1
Project("{FAE04EC0-301F-11D3-BF4B-00C04F79EFBC}") = "StockInfo", "StockInfo.csproj", "{3CD647E1-0E42-B9ED-0A67-B8B7569B7B4F}"
EndProject
Global
	GlobalSection(SolutionConfigurationPlatforms) = preSolution
		Debug|Any CPU = Debug|Any CPU
		Release|Any CPU = Release|Any CPU
	EndGlobalSection
	GlobalSection(ProjectConfigurationPlatforms) = postSolution
		{3CD647E1-0E42-B9ED-0A67-B8B7569B7B4F}.Debug|Any CPU.ActiveCfg = Debug|Any CPU
		{3CD647E1-0E42-B9ED-0A67-B8B7569B7B4F}.Debug|Any CPU.Build.0 = Debug|Any CPU
		{3CD647E1-0E42-B9ED-0A67-B8B7569B7B4F}.Release|Any CPU.ActiveCfg = Release|Any CPU
		{3CD647E1-0E42-B9ED-0A67-B8B7569B7B4F}.Release|Any CPU.Build.0 = Release|Any CPU
	EndGlobalSection
	GlobalSection(SolutionProperties) = preSolution
		HideSolutionNode = FALSE
	EndGlobalSection
	GlobalSection(ExtensibilityGlobals) = postSolution
		SolutionGuid = {B4095310-7EDC-4E79-A991-B741A0E95968}
	EndGlobalSection
EndGlobal
